// !$*UTF8*$!
{
	archiveVersion = 1;
	classes = {
	};
	objectVersion = 46;
	objects = {

/* Begin PBXBuildFile section */
		04BE925C1CABFA1F00315945 /* AppDelegate.swift in Sources */ = {isa = PBXBuildFile; fileRef = 04BE925B1CABFA1F00315945 /* AppDelegate.swift */; };
		04BE925E1CABFA1F00315945 /* ViewController.swift in Sources */ = {isa = PBXBuildFile; fileRef = 04BE925D1CABFA1F00315945 /* ViewController.swift */; };
		04BE92611CABFA1F00315945 /* Main.storyboard in Resources */ = {isa = PBXBuildFile; fileRef = 04BE925F1CABFA1F00315945 /* Main.storyboard */; };
		04BE92631CABFA1F00315945 /* Assets.xcassets in Resources */ = {isa = PBXBuildFile; fileRef = 04BE92621CABFA1F00315945 /* Assets.xcassets */; };
		04BE92661CABFA1F00315945 /* LaunchScreen.storyboard in Resources */ = {isa = PBXBuildFile; fileRef = 04BE92641CABFA1F00315945 /* LaunchScreen.storyboard */; };
/* End PBXBuildFile section */

/* Begin PBXFileReference section */
		04BE92581CABFA1F00315945 /* lap4.app */ = {isa = PBXFileReference; explicitFileType = wrapper.application; includeInIndex = 0; path = lap4.app; sourceTree = BUILT_PRODUCTS_DIR; };
		04BE925B1CABFA1F00315945 /* AppDelegate.swift */ = {isa = PBXFileReference; lastKnownFileType = sourcecode.swift; path = AppDelegate.swift; sourceTree = "<group>"; };
		04BE925D1CABFA1F00315945 /* ViewController.swift */ = {isa = PBXFileReference; lastKnownFileType = sourcecode.swift; path = ViewController.swift; sourceTree = "<group>"; };
		04BE92601CABFA1F00315945 /* Base */ = {isa = PBXFileReference; lastKnownFileType = file.storyboard; name = Base; path = Base.lproj/Main.storyboard; sourceTree = "<group>"; };
		04BE92621CABFA1F00315945 /* Assets.xcassets */ = {isa = PBXFileReference; lastKnownFileType = folder.assetcatalog; path = Assets.xcassets; sourceTree = "<group>"; };
		04BE92651CABFA1F00315945 /* Base */ = {isa = PBXFileReference; lastKnownFileType = file.storyboard; name = Base; path = Base.lproj/LaunchScreen.storyboard; sourceTree = "<group>"; };
		04BE92671CABFA1F00315945 /* Info.plist */ = {isa = PBXFileReference; lastKnownFileType = text.plist.xml; path = Info.plist; sourceTree = "<group>"; };
/* End PBXFileReference section */

/* Begin PBXFrameworksBuildPhase section */
		04BE92551CABFA1F00315945 /* Frameworks */ = {
			isa = PBXFrameworksBuildPhase;
			buildActionMask = 2147483647;
			files = (
			);
			runOnlyForDeploymentPostprocessing = 0;
		};
/* End PBXFrameworksBuildPhase section */

/* Begin PBXGroup section */
		04BE924F1CABFA1F00315945 = {
			isa = PBXGroup;
			children = (
				04BE925A1CABFA1F00315945 /* lap4 */,
				04BE92591CABFA1F00315945 /* Products */,
			);
			sourceTree = "<group>";
		};
		04BE92591CABFA1F00315945 /* Products */ = {
			isa = PBXGroup;
			children = (
				04BE92581CABFA1F00315945 /* lap4.app */,
			);
			name = Products;
			sourceTree = "<group>";
		};
		04BE925A1CABFA1F00315945 /* lap4 */ = {
			isa = PBXGroup;
			children = (
				04BE925B1CABFA1F00315945 /* AppDelegate.swift */,
				04BE925D1CABFA1F00315945 /* ViewController.swift */,
				04BE925F1CABFA1F00315945 /* Main.storyboard */,
				04BE92621CABFA1F00315945 /* Assets.xcassets */,
				04BE92641CABFA1F00315945 /* LaunchScreen.storyboard */,
				04BE92671CABFA1F00315945 /* Info.plist */,
			);
			path = lap4;
			sourceTree = "<group>";
		};
/* End PBXGroup section */

/* Begin PBXNativeTarget section */
		04BE92571CABFA1F00315945 /* lap4 */ = {
			isa = PBXNativeTarget;
			buildConfigurationList = 04BE926A1CABFA1F00315945 /* Build configuration list for PBXNativeTarget "lap4" */;
			buildPhases = (
				04BE92541CABFA1F00315945 /* Sources */,
				04BE92551CABFA1F00315945 /* Frameworks */,
				04BE92561CABFA1F00315945 /* Resources */,
			);
			buildRules = (
			);
			dependencies = (
			);
			name = lap4;
			productName = lap4;
			productReference = 04BE92581CABFA1F00315945 /* lap4.app */;
			productType = "com.apple.product-type.application";
		};
/* End PBXNativeTarget section */

/* Begin PBXProject section */
		04BE92501CABFA1F00315945 /* Project object */ = {
			isa = PBXProject;
			attributes = {
				LastSwiftUpdateCheck = 0730;
				LastUpgradeCheck = 0730;
				ORGANIZATIONNAME = mac;
				TargetAttributes = {
					04BE92571CABFA1F00315945 = {
						CreatedOnToolsVersion = 7.3;
						DevelopmentTeam = 9M89LZG9KX;
					};
				};
			};
			buildConfigurationList = 04BE92531CABFA1F00315945 /* Build configuration list for PBXProject "lap4" */;
			compatibilityVersion = "Xcode 3.2";
			developmentRegion = English;
			hasScannedForEncodings = 0;
			knownRegions = (
				en,
				Base,
			);
			mainGroup = 04BE924F1CABFA1F00315945;
			productRefGroup = 04BE92591CABFA1F00315945 /* Products */;
			projectDirPath = "";
			projectRoot = "";
			targets = (
				04BE92571CABFA1F00315945 /* lap4 */,
			);
		};
/* End PBXProject section */

/* Begin PBXResourcesBuildPhase section */
		04BE92561CABFA1F00315945 /* Resources */ = {
			isa = PBXResourcesBuildPhase;
			buildActionMask = 2147483647;
			files = (
				04BE92661CABFA1F00315945 /* LaunchScreen.storyboard in Resources */,
				04BE92631CABFA1F00315945 /* Assets.xcassets in Resources */,
				04BE92611CABFA1F00315945 /* Main.storyboard in Resources */,
			);
			runOnlyForDeploymentPostprocessing = 0;
		};
/* End PBXResourcesBuildPhase section */

/* Begin PBXSourcesBuildPhase section */
		04BE92541CABFA1F00315945 /* Sources */ = {
			isa = PBXSourcesBuildPhase;
			buildActionMask = 2147483647;
			files = (
				04BE925E1CABFA1F00315945 /* ViewController.swift in Sources */,
				04BE925C1CABFA1F00315945 /* AppDelegate.swift in Sources */,
			);
			runOnlyForDeploymentPostprocessing = 0;
		};
/* End PBXSourcesBuildPhase section */

/* Begin PBXVariantGroup section */
		04BE925F1CABFA1F00315945 /* Main.storyboard */ = {
			isa = PBXVariantGroup;
			children = (
				04BE92601CABFA1F00315945 /* Base */,
			);
			name = Main.storyboard;
			sourceTree = "<group>";
		};
		04BE92641CABFA1F00315945 /* LaunchScreen.storyboard */ = {
			isa = PBXVariantGroup;
			children = (
				04BE92651CABFA1F00315945 /* Base */,
			);
			name = LaunchScreen.storyboard;
			sourceTree = "<group>";
		};
/* End PBXVariantGroup section */

/* Begin XCBuildConfiguration section */
		04BE92681CABFA1F00315945 /* Debug */ = {
			isa = XCBuildConfiguration;
			buildSettings = {
				ALWAYS_SEARCH_USER_PATHS = NO;
				CLANG_ANALYZER_NONNULL = YES;
				CLANG_CXX_LANGUAGE_STANDARD = "gnu++0x";
				CLANG_CXX_LIBRARY = "libc++";
				CLANG_ENABLE_MODULES = YES;
				CLANG_ENABLE_OBJC_ARC = YES;
				CLANG_WARN_BOOL_CONVERSION = YES;
				CLANG_WARN_CONSTANT_CONVERSION = YES;
				CLANG_WARN_DIRECT_OBJC_ISA_USAGE = YES_ERROR;
				CLANG_WARN_EMPTY_BODY = YES;
				CLANG_WARN_ENUM_CONVERSION = YES;
				CLANG_WARN_INT_CONVERSION = YES;
				CLANG_WARN_OBJC_ROOT_CLASS = YES_ERROR;
				CLANG_WARN_UNREACHABLE_CODE = YES;
				CLANG_WARN__DUPLICATE_METHOD_MATCH = YES;
				"CODE_SIGN_IDENTITY[sdk=iphoneos*]" = "iPhone Developer";
				COPY_PHASE_STRIP = NO;
				DEBUG_INFORMATION_FORMAT = dwarf;
				ENABLE_STRICT_OBJC_MSGSEND = YES;
				ENABLE_TESTABILITY = YES;
				GCC_C_LANGUAGE_STANDARD = gnu99;
				GCC_DYNAMIC_NO_PIC = NO;
				GCC_NO_COMMON_BLOCKS = YES;
				GCC_OPTIMIZATION_LEVEL = 0;
				GCC_PREPROCESSOR_DEFINITIONS = (
					"DEBUG=1",
					"$(inherited)",
				);
				GCC_WARN_64_TO_32_BIT_CONVERSION = YES;
				GCC_WARN_ABOUT_RETURN_TYPE = YES_ERROR;
				GCC_WARN_UNDECLARED_SELECTOR = YES;
				GCC_WARN_UNINITIALIZED_AUTOS = YES_AGGRESSIVE;
				GCC_WARN_UNUSED_FUNCTION = YES;
				GCC_WARN_UNUSED_VARIABLE = YES;
				IPHONEOS_DEPLOYMENT_TARGET = 9.3;
				MTL_ENABLE_DEBUG_INFO = YES;
				ONLY_ACTIVE_ARCH = YES;
				SDKROOT = iphoneos;
				SWIFT_OPTIMIZATION_LEVEL = "-Onone";
				TARGETED_DEVICE_FAMILY = "1,2";
			};
			name = Debug;
		};
		04BE92691CABFA1F00315945 /* Release */ = {
			isa = XCBuildConfiguration;
			buildSettings = {
				ALWAYS_SEARCH_USER_PATHS = NO;
				CLANG_ANALYZER_NONNULL = YES;
				CLANG_CXX_LANGUAGE_STANDARD = "gnu++0x";
				CLANG_CXX_LIBRARY = "libc++";
				CLANG_ENABLE_MODULES = YES;
				CLANG_ENABLE_OBJC_ARC = YES;
				CLANG_WARN_BOOL_CONVERSION = YES;
				CLANG_WARN_CONSTANT_CONVERSION = YES;
				CLANG_WARN_DIRECT_OBJC_ISA_USAGE = YES_ERROR;
				CLANG_WARN_EMPTY_BODY = YES;
				CLANG_WARN_ENUM_CONVERSION = YES;
				CLANG_WARN_INT_CONVERSION = YES;
				CLANG_WARN_OBJC_ROOT_CLASS = YES_ERROR;
				CLANG_WARN_UNREACHABLE_CODE = YES;
				CLANG_WARN__DUPLICATE_METHOD_MATCH = YES;
				"CODE_SIGN_IDENTITY[sdk=iphoneos*]" = "iPhone Developer";
				COPY_PHASE_STRIP = NO;
				DEBUG_INFORMATION_FORMAT = "dwarf-with-dsym";
				ENABLE_NS_ASSERTIONS = NO;
				ENABLE_STRICT_OBJC_MSGSEND = YES;
				GCC_C_LANGUAGE_STANDARD = gnu99;
				GCC_NO_COMMON_BLOCKS = YES;
				GCC_WARN_64_TO_32_BIT_CONVERSION = YES;
				GCC_WARN_ABOUT_RETURN_TYPE = YES_ERROR;
				GCC_WARN_UNDECLARED_SELECTOR = YES;
				GCC_WARN_UNINITIALIZED_AUTOS = YES_AGGRESSIVE;
				GCC_WARN_UNUSED_FUNCTION = YES;
				GCC_WARN_UNUSED_VARIABLE = YES;
				IPHONEOS_DEPLOYMENT_TARGET = 9.3;
				MTL_ENABLE_DEBUG_INFO = NO;
				SDKROOT = iphoneos;
				TARGETED_DEVICE_FAMILY = "1,2";
				VALIDATE_PRODUCT = YES;
			};
			name = Release;
		};
		04BE926B1CABFA1F00315945 /* Debug */ = {
			isa = XCBuildConfiguration;
			buildSettings = {
				ASSETCATALOG_COMPILER_APPICON_NAME = AppIcon;
				INFOPLIST_FILE = lap4/Info.plist;
				LD_RUNPATH_SEARCH_PATHS = "$(inherited) @executable_path/Frameworks";
				PRODUCT_BUNDLE_IDENTIFIER = "Rea-Won-Kim.lap4";
				PRODUCT_NAME = "$(TARGET_NAME)";
			};
			name = Debug;
		};
		04BE926C1CABFA1F00315945 /* Release */ = {
			isa = XCBuildConfiguration;
			buildSettings = {
				ASSETCATALOG_COMPILER_APPICON_NAME = AppIcon;
				INFOPLIST_FILE = lap4/Info.plist;
				LD_RUNPATH_SEARCH_PATHS = "$(inherited) @executable_path/Frameworks";
				PRODUCT_BUNDLE_IDENTIFIER = "Rea-Won-Kim.lap4";
				PRODUCT_NAME = "$(TARGET_NAME)";
			};
			name = Release;
		};
/* End XCBuildConfiguration section */

/* Begin XCConfigurationList section */
		04BE92531CABFA1F00315945 /* Build configuration list for PBXProject "lap4" */ = {
			isa = XCConfigurationList;
			buildConfigurations = (
				04BE92681CABFA1F00315945 /* Debug */,
				04BE92691CABFA1F00315945 /* Release */,
			);
			defaultConfigurationIsVisible = 0;
			defaultConfigurationName = Release;
		};
		04BE926A1CABFA1F00315945 /* Build configuration list for PBXNativeTarget "lap4" */ = {
			isa = XCConfigurationList;
			buildConfigurations = (
				04BE926B1CABFA1F00315945 /* Debug */,
				04BE926C1CABFA1F00315945 /* Release */,
			);
			defaultConfigurationIsVisible = 0;
		};
/* End XCConfigurationList section */
	};
	rootObject = 04BE92501CABFA1F00315945 /* Project object */;
}
